
Microsoft Visual Studio Solution File, Format Version 12.00
# Visual Studio Version 16
VisualStudioVersion = 16.0.31019.35
MinimumVisualStudioVersion = 10.0.40219.1
Project("{2150E333-8FDC-42A3-9474-1A3956D46DE8}") = "Libraries", "Libraries", "{55AF9E6F-F107-4161-B4E2-AA98D0161BAF}"
EndProject
Project("{9A19103F-16F7-4668-BE54-9A1E7A4F7556}") = "Fjv.xCPU.CodeProvider", "CodeProvider\Fjv.xCPU.CodeProvider.csproj", "{902830D4-AF6F-4AB9-9E7E-792A873E250D}"
EndProject
Project("{9A19103F-16F7-4668-BE54-9A1E7A4F7556}") = "Fjv.xCPU.HexFile", "HexFile\Fjv.xCPU.HexFile.csproj", "{B56CFF62-2F92-462E-ACCF-DB339F716837}"
EndProject
Project("{2150E333-8FDC-42A3-9474-1A3956D46DE8}") = "Samples", "Samples", "{11E0273D-34EC-49B2-A9E6-9E6DE1E845F4}"
EndProject
Project("{2150E333-8FDC-42A3-9474-1A3956D46DE8}") = "Cpu", "Cpu", "{13393A38-CBA2-4E06-8119-4C90CD206AE9}"
EndProject
Project("{9A19103F-16F7-4668-BE54-9A1E7A4F7556}") = "Z80", "Z80\Z80.csproj", "{0C5170A1-64C3-49A9-B808-FB822320B690}"
EndProject
Project("{2150E333-8FDC-42A3-9474-1A3956D46DE8}") = "Assembly", "Assembly", "{656066A7-7D6B-4343-A1E2-3F1D91C2FFD5}"
EndProject
Project("{9A19103F-16F7-4668-BE54-9A1E7A4F7556}") = "Z80Assembly", "Z80Assembly\Z80Assembly.csproj", "{5698592D-4A0A-4238-8138-2CB249B64A68}"
EndProject
Project("{9A19103F-16F7-4668-BE54-9A1E7A4F7556}") = "Fjv.xCPU.CodeCompiler", "CodeCompiler\Fjv.xCPU.CodeCompiler.csproj", "{453F758E-C535-4C14-909D-CDE391F80DAF}"
EndProject
Project("{2150E333-8FDC-42A3-9474-1A3956D46DE8}") = "Compiler", "Compiler", "{3227F2EA-034F-4F1C-92B0-40DF0646CB82}"
EndProject
Project("{9A19103F-16F7-4668-BE54-9A1E7A4F7556}") = "Z80Compiler", "Z80Compiler\Z80Compiler.csproj", "{EA7598D7-9344-434F-8258-B9555173437A}"
EndProject
Project("{FAE04EC0-301F-11D3-BF4B-00C04F79EFBC}") = "Z80.Test", "Z80.Test\Z80.Test.csproj", "{433B1DE8-9000-4E0C-8CEF-0C2723DF2024}"
EndProject
Project("{FAE04EC0-301F-11D3-BF4B-00C04F79EFBC}") = "Z80Compiler.Test", "Z80Compiler.Test\Z80Compiler.Test.csproj", "{41DFF40E-DA91-4894-A3B7-0A5F14B60CB1}"
EndProject
Project("{2150E333-8FDC-42A3-9474-1A3956D46DE8}") = "Package", "Package", "{69295BEA-F27B-4C05-8928-4047A6B309DA}"
	ProjectSection(SolutionItems) = preProject
		Fjv.xCPU.nuspec = Fjv.xCPU.nuspec
	EndProjectSection
EndProject
Global
	GlobalSection(SolutionConfigurationPlatforms) = preSolution
		Debug|Any CPU = Debug|Any CPU
		Release|Any CPU = Release|Any CPU
	EndGlobalSection
	GlobalSection(ProjectConfigurationPlatforms) = postSolution
		{902830D4-AF6F-4AB9-9E7E-792A873E250D}.Debug|Any CPU.ActiveCfg = Debug|Any CPU
		{902830D4-AF6F-4AB9-9E7E-792A873E250D}.Debug|Any CPU.Build.0 = Debug|Any CPU
		{902830D4-AF6F-4AB9-9E7E-792A873E250D}.Release|Any CPU.ActiveCfg = Release|Any CPU
		{902830D4-AF6F-4AB9-9E7E-792A873E250D}.Release|Any CPU.Build.0 = Release|Any CPU
		{B56CFF62-2F92-462E-ACCF-DB339F716837}.Debug|Any CPU.ActiveCfg = Debug|Any CPU
		{B56CFF62-2F92-462E-ACCF-DB339F716837}.Debug|Any CPU.Build.0 = Debug|Any CPU
		{B56CFF62-2F92-462E-ACCF-DB339F716837}.Release|Any CPU.ActiveCfg = Release|Any CPU
		{B56CFF62-2F92-462E-ACCF-DB339F716837}.Release|Any CPU.Build.0 = Release|Any CPU
		{0C5170A1-64C3-49A9-B808-FB822320B690}.Debug|Any CPU.ActiveCfg = Debug|Any CPU
		{0C5170A1-64C3-49A9-B808-FB822320B690}.Debug|Any CPU.Build.0 = Debug|Any CPU
		{0C5170A1-64C3-49A9-B808-FB822320B690}.Release|Any CPU.ActiveCfg = Release|Any CPU
		{0C5170A1-64C3-49A9-B808-FB822320B690}.Release|Any CPU.Build.0 = Release|Any CPU
		{5698592D-4A0A-4238-8138-2CB249B64A68}.Debug|Any CPU.ActiveCfg = Debug|Any CPU
		{5698592D-4A0A-4238-8138-2CB249B64A68}.Debug|Any CPU.Build.0 = Debug|Any CPU
		{5698592D-4A0A-4238-8138-2CB249B64A68}.Release|Any CPU.ActiveCfg = Release|Any CPU
		{5698592D-4A0A-4238-8138-2CB249B64A68}.Release|Any CPU.Build.0 = Release|Any CPU
		{453F758E-C535-4C14-909D-CDE391F80DAF}.Debug|Any CPU.ActiveCfg = Debug|Any CPU
		{453F758E-C535-4C14-909D-CDE391F80DAF}.Debug|Any CPU.Build.0 = Debug|Any CPU
		{453F758E-C535-4C14-909D-CDE391F80DAF}.Release|Any CPU.ActiveCfg = Release|Any CPU
		{453F758E-C535-4C14-909D-CDE391F80DAF}.Release|Any CPU.Build.0 = Release|Any CPU
		{EA7598D7-9344-434F-8258-B9555173437A}.Debug|Any CPU.ActiveCfg = Debug|Any CPU
		{EA7598D7-9344-434F-8258-B9555173437A}.Debug|Any CPU.Build.0 = Debug|Any CPU
		{EA7598D7-9344-434F-8258-B9555173437A}.Release|Any CPU.ActiveCfg = Release|Any CPU
		{EA7598D7-9344-434F-8258-B9555173437A}.Release|Any CPU.Build.0 = Release|Any CPU
		{433B1DE8-9000-4E0C-8CEF-0C2723DF2024}.Debug|Any CPU.ActiveCfg = Debug|Any CPU
		{433B1DE8-9000-4E0C-8CEF-0C2723DF2024}.Debug|Any CPU.Build.0 = Debug|Any CPU
		{433B1DE8-9000-4E0C-8CEF-0C2723DF2024}.Release|Any CPU.ActiveCfg = Release|Any CPU
		{433B1DE8-9000-4E0C-8CEF-0C2723DF2024}.Release|Any CPU.Build.0 = Release|Any CPU
		{41DFF40E-DA91-4894-A3B7-0A5F14B60CB1}.Debug|Any CPU.ActiveCfg = Debug|Any CPU
		{41DFF40E-DA91-4894-A3B7-0A5F14B60CB1}.Debug|Any CPU.Build.0 = Debug|Any CPU
		{41DFF40E-DA91-4894-A3B7-0A5F14B60CB1}.Release|Any CPU.ActiveCfg = Release|Any CPU
		{41DFF40E-DA91-4894-A3B7-0A5F14B60CB1}.Release|Any CPU.Build.0 = Release|Any CPU
	EndGlobalSection
	GlobalSection(SolutionProperties) = preSolution
		HideSolutionNode = FALSE
	EndGlobalSection
	GlobalSection(NestedProjects) = preSolution
		{902830D4-AF6F-4AB9-9E7E-792A873E250D} = {55AF9E6F-F107-4161-B4E2-AA98D0161BAF}
		{B56CFF62-2F92-462E-ACCF-DB339F716837} = {55AF9E6F-F107-4161-B4E2-AA98D0161BAF}
		{13393A38-CBA2-4E06-8119-4C90CD206AE9} = {11E0273D-34EC-49B2-A9E6-9E6DE1E845F4}
		{0C5170A1-64C3-49A9-B808-FB822320B690} = {13393A38-CBA2-4E06-8119-4C90CD206AE9}
		{656066A7-7D6B-4343-A1E2-3F1D91C2FFD5} = {11E0273D-34EC-49B2-A9E6-9E6DE1E845F4}
		{5698592D-4A0A-4238-8138-2CB249B64A68} = {656066A7-7D6B-4343-A1E2-3F1D91C2FFD5}
		{453F758E-C535-4C14-909D-CDE391F80DAF} = {55AF9E6F-F107-4161-B4E2-AA98D0161BAF}
		{3227F2EA-034F-4F1C-92B0-40DF0646CB82} = {11E0273D-34EC-49B2-A9E6-9E6DE1E845F4}
		{EA7598D7-9344-434F-8258-B9555173437A} = {3227F2EA-034F-4F1C-92B0-40DF0646CB82}
		{433B1DE8-9000-4E0C-8CEF-0C2723DF2024} = {13393A38-CBA2-4E06-8119-4C90CD206AE9}
		{41DFF40E-DA91-4894-A3B7-0A5F14B60CB1} = {3227F2EA-034F-4F1C-92B0-40DF0646CB82}
	EndGlobalSection
	GlobalSection(ExtensibilityGlobals) = postSolution
		SolutionGuid = {F8A2D5AA-5F68-48EC-B395-5632BFFDEFEF}
	EndGlobalSection
EndGlobal
